Microsoft Visual Studio Solution File, Format Version 11.00
# Visual Studio 2008

Project("{7C6FA146-1873-53F5-64D8-9218338B00C4}") = "Biohazard", "Assembly-CSharp.csproj", "{5AF5198A-C4F5-31C6-5EEE-7252AE6E8FD5}"
EndProject
Global
	GlobalSection(SolutionConfigurationPlatforms) = preSolution
		Debug|Any CPU = Debug|Any CPU
		Release|Any CPU = Release|Any CPU
	EndGlobalSection
	GlobalSection(ProjectConfigurationPlatforms) = postSolution
		{5AF5198A-C4F5-31C6-5EEE-7252AE6E8FD5}.Debug|Any CPU.ActiveCfg = Debug|Any CPU
		{5AF5198A-C4F5-31C6-5EEE-7252AE6E8FD5}.Debug|Any CPU.Build.0 = Debug|Any CPU
		{5AF5198A-C4F5-31C6-5EEE-7252AE6E8FD5}.Release|Any CPU.ActiveCfg = Release|Any CPU
		{5AF5198A-C4F5-31C6-5EEE-7252AE6E8FD5}.Release|Any CPU.Build.0 = Release|Any CPU
	EndGlobalSection
	GlobalSection(SolutionProperties) = preSolution
		HideSolutionNode = FALSE
	EndGlobalSection
	GlobalSection(MonoDevelopProperties) = preSolution
		StartupItem = Assembly-CSharp.csproj
	EndGlobalSection
EndGlobal
